<Solution>
  <Folder Name="/Bindings/" />
  <Folder Name="/Bindings/Dotnet/">
    <Project Path="Bindings/Dotnet/Dhara.Storage.Tests/Dhara.Storage.Tests.csproj" />
    <Project Path="Bindings/Dotnet/Dhara.Storage/Dhara.Storage.csproj" />
  </Folder>
  <Folder Name="/Solution Items/">
    <File Path=".editorconfig" />
  </Folder>
  <Project Path="bindings/dotnet/Dhara.Storage.ConsumerSmoke/Dhara.Storage.ConsumerSmoke.csproj" />
</Solution>
