<Solution>
  <Folder Name="/Bindings/" />
  <Folder Name="/Bindings/Dotnet/">
    <Project Path="Bindings/Dotnet/Rheo.Storage.Tests/Rheo.Storage.Tests.csproj" />
    <Project Path="Bindings/Dotnet/Rheo.Storage/Rheo.Storage.csproj" />
  </Folder>
  <Folder Name="/Solution Items/">
    <File Path=".editorconfig" />
  </Folder>
  <Project Path="bindings/dotnet/Rheo.Storage.ConsumerSmoke/Rheo.Storage.ConsumerSmoke.csproj" />
</Solution>
