Microsoft Visual Studio Solution File, Format Version 12.00
# Visual Studio Version 17
VisualStudioVersion = 17.5.2.0
MinimumVisualStudioVersion = 10.0.40219.1
Project("{2150E333-8FDC-42A3-9474-1A3956D46DE8}") = "bindings", "bindings", "{D683BF3D-D126-42E8-A222-A84F83186095}"
EndProject
Project("{2150E333-8FDC-42A3-9474-1A3956D46DE8}") = "dotnet", "dotnet", "{A98B7F18-ED53-EBCD-09F7-717690A67F95}"
EndProject
Project("{FAE04EC0-301F-11D3-BF4B-00C04F79EFBC}") = "Rheo.Storage", "bindings\dotnet\Rheo.Storage\Rheo.Storage.csproj", "{3AEBB4AD-7D1C-7B16-3670-6D19FAE5976D}"
EndProject
Project("{FAE04EC0-301F-11D3-BF4B-00C04F79EFBC}") = "Rheo.Storage.TestHost", "bindings\dotnet\Rheo.Storage.TestHost\Rheo.Storage.TestHost.csproj", "{09EC8FFE-0279-D56C-A805-3066197DEF71}"
EndProject
Global
	GlobalSection(SolutionConfigurationPlatforms) = preSolution
		Debug|Any CPU = Debug|Any CPU
		Release|Any CPU = Release|Any CPU
	EndGlobalSection
	GlobalSection(ProjectConfigurationPlatforms) = postSolution
		{3AEBB4AD-7D1C-7B16-3670-6D19FAE5976D}.Debug|Any CPU.ActiveCfg = Debug|Any CPU
		{3AEBB4AD-7D1C-7B16-3670-6D19FAE5976D}.Debug|Any CPU.Build.0 = Debug|Any CPU
		{3AEBB4AD-7D1C-7B16-3670-6D19FAE5976D}.Release|Any CPU.ActiveCfg = Release|Any CPU
		{3AEBB4AD-7D1C-7B16-3670-6D19FAE5976D}.Release|Any CPU.Build.0 = Release|Any CPU
		{09EC8FFE-0279-D56C-A805-3066197DEF71}.Debug|Any CPU.ActiveCfg = Debug|Any CPU
		{09EC8FFE-0279-D56C-A805-3066197DEF71}.Debug|Any CPU.Build.0 = Debug|Any CPU
		{09EC8FFE-0279-D56C-A805-3066197DEF71}.Release|Any CPU.ActiveCfg = Release|Any CPU
		{09EC8FFE-0279-D56C-A805-3066197DEF71}.Release|Any CPU.Build.0 = Release|Any CPU
	EndGlobalSection
	GlobalSection(SolutionProperties) = preSolution
		HideSolutionNode = FALSE
	EndGlobalSection
	GlobalSection(NestedProjects) = preSolution
		{A98B7F18-ED53-EBCD-09F7-717690A67F95} = {D683BF3D-D126-42E8-A222-A84F83186095}
		{3AEBB4AD-7D1C-7B16-3670-6D19FAE5976D} = {A98B7F18-ED53-EBCD-09F7-717690A67F95}
		{09EC8FFE-0279-D56C-A805-3066197DEF71} = {A98B7F18-ED53-EBCD-09F7-717690A67F95}
	EndGlobalSection
	GlobalSection(ExtensibilityGlobals) = postSolution
		SolutionGuid = {3B55A38B-5EA5-467B-9FAD-1393D3FEB699}
	EndGlobalSection
EndGlobal
